// !$*UTF8*$!
{
	archiveVersion = 1;
	classes = {
	};
	objectVersion = 56;
	objects = {

/* Begin PBXBuildFile section */
		62465D262A25466800C62DF3 /* SocialcademyApp.swift in Sources */ = {isa = PBXBuildFile; fileRef = 62465D252A25466800C62DF3 /* SocialcademyApp.swift */; };
		62465D2A2A25466900C62DF3 /* Assets.xcassets in Resources */ = {isa = PBXBuildFile; fileRef = 62465D292A25466900C62DF3 /* Assets.xcassets */; };
		62465D2D2A25466900C62DF3 /* Preview Assets.xcassets in Resources */ = {isa = PBXBuildFile; fileRef = 62465D2C2A25466900C62DF3 /* Preview Assets.xcassets */; };
		62465D352A2546E200C62DF3 /* FirebaseAnalytics in Frameworks */ = {isa = PBXBuildFile; productRef = 62465D342A2546E200C62DF3 /* FirebaseAnalytics */; };
		62465D372A2546E200C62DF3 /* FirebaseFirestore in Frameworks */ = {isa = PBXBuildFile; productRef = 62465D362A2546E200C62DF3 /* FirebaseFirestore */; };
		62465D392A2546E200C62DF3 /* FirebaseFirestoreSwift in Frameworks */ = {isa = PBXBuildFile; productRef = 62465D382A2546E200C62DF3 /* FirebaseFirestoreSwift */; };
		62465D412A2557C100C62DF3 /* GoogleService-Info.plist in Resources */ = {isa = PBXBuildFile; fileRef = 62465D402A2557C100C62DF3 /* GoogleService-Info.plist */; };
		62465D442A256B3000C62DF3 /* Post.swift in Sources */ = {isa = PBXBuildFile; fileRef = 62465D432A256B3000C62DF3 /* Post.swift */; };
		62465D462A256BB000C62DF3 /* PostsList.swift in Sources */ = {isa = PBXBuildFile; fileRef = 62465D452A256BB000C62DF3 /* PostsList.swift */; };
		62465D4A2A256C7800C62DF3 /* PostRow.swift in Sources */ = {isa = PBXBuildFile; fileRef = 62465D492A256C7800C62DF3 /* PostRow.swift */; };
/* End PBXBuildFile section */

/* Begin PBXFileReference section */
		62465D222A25466800C62DF3 /* Socialcademy.app */ = {isa = PBXFileReference; explicitFileType = wrapper.application; includeInIndex = 0; path = Socialcademy.app; sourceTree = BUILT_PRODUCTS_DIR; };
		62465D252A25466800C62DF3 /* SocialcademyApp.swift */ = {isa = PBXFileReference; lastKnownFileType = sourcecode.swift; path = SocialcademyApp.swift; sourceTree = "<group>"; };
		62465D292A25466900C62DF3 /* Assets.xcassets */ = {isa = PBXFileReference; lastKnownFileType = folder.assetcatalog; path = Assets.xcassets; sourceTree = "<group>"; };
		62465D2C2A25466900C62DF3 /* Preview Assets.xcassets */ = {isa = PBXFileReference; lastKnownFileType = folder.assetcatalog; path = "Preview Assets.xcassets"; sourceTree = "<group>"; };
		62465D402A2557C100C62DF3 /* GoogleService-Info.plist */ = {isa = PBXFileReference; fileEncoding = 4; lastKnownFileType = text.plist.xml; name = "GoogleService-Info.plist"; path = "../../../../../../Downloads/GoogleService-Info.plist"; sourceTree = "<group>"; };
		62465D432A256B3000C62DF3 /* Post.swift */ = {isa = PBXFileReference; lastKnownFileType = sourcecode.swift; path = Post.swift; sourceTree = "<group>"; };
		62465D452A256BB000C62DF3 /* PostsList.swift */ = {isa = PBXFileReference; lastKnownFileType = sourcecode.swift; path = PostsList.swift; sourceTree = "<group>"; };
		62465D492A256C7800C62DF3 /* PostRow.swift */ = {isa = PBXFileReference; lastKnownFileType = sourcecode.swift; path = PostRow.swift; sourceTree = "<group>"; };
/* End PBXFileReference section */

/* Begin PBXFrameworksBuildPhase section */
		62465D1F2A25466800C62DF3 /* Frameworks */ = {
			isa = PBXFrameworksBuildPhase;
			buildActionMask = 2147483647;
			files = (
				62465D352A2546E200C62DF3 /* FirebaseAnalytics in Frameworks */,
				62465D372A2546E200C62DF3 /* FirebaseFirestore in Frameworks */,
				62465D392A2546E200C62DF3 /* FirebaseFirestoreSwift in Frameworks */,
			);
			runOnlyForDeploymentPostprocessing = 0;
		};
/* End PBXFrameworksBuildPhase section */

/* Begin PBXGroup section */
		62465D192A25466800C62DF3 = {
			isa = PBXGroup;
			children = (
				62465D242A25466800C62DF3 /* Socialcademy */,
				62465D232A25466800C62DF3 /* Products */,
			);
			sourceTree = "<group>";
		};
		62465D232A25466800C62DF3 /* Products */ = {
			isa = PBXGroup;
			children = (
				62465D222A25466800C62DF3 /* Socialcademy.app */,
			);
			name = Products;
			sourceTree = "<group>";
		};
		62465D242A25466800C62DF3 /* Socialcademy */ = {
			isa = PBXGroup;
			children = (
				62465D252A25466800C62DF3 /* SocialcademyApp.swift */,
				62465D3C2A25483C00C62DF3 /* Views */,
				62465D422A256B1300C62DF3 /* Models */,
				62465D3D2A25485000C62DF3 /* Resources */,
			);
			path = Socialcademy;
			sourceTree = "<group>";
		};
		62465D2B2A25466900C62DF3 /* Preview Content */ = {
			isa = PBXGroup;
			children = (
				62465D2C2A25466900C62DF3 /* Preview Assets.xcassets */,
			);
			path = "Preview Content";
			sourceTree = "<group>";
		};
		62465D3C2A25483C00C62DF3 /* Views */ = {
			isa = PBXGroup;
			children = (
				62465D452A256BB000C62DF3 /* PostsList.swift */,
				62465D492A256C7800C62DF3 /* PostRow.swift */,
			);
			path = Views;
			sourceTree = "<group>";
		};
		62465D3D2A25485000C62DF3 /* Resources */ = {
			isa = PBXGroup;
			children = (
				62465D292A25466900C62DF3 /* Assets.xcassets */,
				62465D402A2557C100C62DF3 /* GoogleService-Info.plist */,
				62465D2B2A25466900C62DF3 /* Preview Content */,
			);
			path = Resources;
			sourceTree = "<group>";
		};
		62465D422A256B1300C62DF3 /* Models */ = {
			isa = PBXGroup;
			children = (
				62465D432A256B3000C62DF3 /* Post.swift */,
			);
			path = Models;
			sourceTree = "<group>";
		};
/* End PBXGroup section */

/* Begin PBXNativeTarget section */
		62465D212A25466800C62DF3 /* Socialcademy */ = {
			isa = PBXNativeTarget;
			buildConfigurationList = 62465D302A25466900C62DF3 /* Build configuration list for PBXNativeTarget "Socialcademy" */;
			buildPhases = (
				62465D1E2A25466800C62DF3 /* Sources */,
				62465D1F2A25466800C62DF3 /* Frameworks */,
				62465D202A25466800C62DF3 /* Resources */,
			);
			buildRules = (
			);
			dependencies = (
			);
			name = Socialcademy;
			packageProductDependencies = (
				62465D342A2546E200C62DF3 /* FirebaseAnalytics */,
				62465D362A2546E200C62DF3 /* FirebaseFirestore */,
				62465D382A2546E200C62DF3 /* FirebaseFirestoreSwift */,
			);
			productName = Socialcademy;
			productReference = 62465D222A25466800C62DF3 /* Socialcademy.app */;
			productType = "com.apple.product-type.application";
		};
/* End PBXNativeTarget section */

/* Begin PBXProject section */
		62465D1A2A25466800C62DF3 /* Project object */ = {
			isa = PBXProject;
			attributes = {
				BuildIndependentTargetsInParallel = 1;
				LastSwiftUpdateCheck = 1410;
				LastUpgradeCheck = 1410;
				TargetAttributes = {
					62465D212A25466800C62DF3 = {
						CreatedOnToolsVersion = 14.1;
					};
				};
			};
			buildConfigurationList = 62465D1D2A25466800C62DF3 /* Build configuration list for PBXProject "Socialcademy" */;
			compatibilityVersion = "Xcode 14.0";
			developmentRegion = en;
			hasScannedForEncodings = 0;
			knownRegions = (
				en,
				Base,
			);
			mainGroup = 62465D192A25466800C62DF3;
			packageReferences = (
				62465D332A2546E200C62DF3 /* XCRemoteSwiftPackageReference "firebase-ios-sdk" */,
			);
			productRefGroup = 62465D232A25466800C62DF3 /* Products */;
			projectDirPath = "";
			projectRoot = "";
			targets = (
				62465D212A25466800C62DF3 /* Socialcademy */,
			);
		};
/* End PBXProject section */

/* Begin PBXResourcesBuildPhase section */
		62465D202A25466800C62DF3 /* Resources */ = {
			isa = PBXResourcesBuildPhase;
			buildActionMask = 2147483647;
			files = (
				62465D2D2A25466900C62DF3 /* Preview Assets.xcassets in Resources */,
				62465D2A2A25466900C62DF3 /* Assets.xcassets in Resources */,
				62465D412A2557C100C62DF3 /* GoogleService-Info.plist in Resources */,
			);
			runOnlyForDeploymentPostprocessing = 0;
		};
/* End PBXResourcesBuildPhase section */

/* Begin PBXSourcesBuildPhase section */
		62465D1E2A25466800C62DF3 /* Sources */ = {
			isa = PBXSourcesBuildPhase;
			buildActionMask = 2147483647;
			files = (
				62465D442A256B3000C62DF3 /* Post.swift in Sources */,
				62465D262A25466800C62DF3 /* SocialcademyApp.swift in Sources */,
				62465D4A2A256C7800C62DF3 /* PostRow.swift in Sources */,
				62465D462A256BB000C62DF3 /* PostsList.swift in Sources */,
			);
			runOnlyForDeploymentPostprocessing = 0;
		};
/* End PBXSourcesBuildPhase section */

/* Begin XCBuildConfiguration section */
		62465D2E2A25466900C62DF3 /* Debug */ = {
			isa = XCBuildConfiguration;
			buildSettings = {
				ALWAYS_SEARCH_USER_PATHS = NO;
				CLANG_ANALYZER_NONNULL = YES;
				CLANG_ANALYZER_NUMBER_OBJECT_CONVERSION = YES_AGGRESSIVE;
				CLANG_CXX_LANGUAGE_STANDARD = "gnu++20";
				CLANG_ENABLE_MODULES = YES;
				CLANG_ENABLE_OBJC_ARC = YES;
				CLANG_ENABLE_OBJC_WEAK = YES;
				CLANG_WARN_BLOCK_CAPTURE_AUTORELEASING = YES;
				CLANG_WARN_BOOL_CONVERSION = YES;
				CLANG_WARN_COMMA = YES;
				CLANG_WARN_CONSTANT_CONVERSION = YES;
				CLANG_WARN_DEPRECATED_OBJC_IMPLEMENTATIONS = YES;
				CLANG_WARN_DIRECT_OBJC_ISA_USAGE = YES_ERROR;
				CLANG_WARN_DOCUMENTATION_COMMENTS = YES;
				CLANG_WARN_EMPTY_BODY = YES;
				CLANG_WARN_ENUM_CONVERSION = YES;
				CLANG_WARN_INFINITE_RECURSION = YES;
				CLANG_WARN_INT_CONVERSION = YES;
				CLANG_WARN_NON_LITERAL_NULL_CONVERSION = YES;
				CLANG_WARN_OBJC_IMPLICIT_RETAIN_SELF = YES;
				CLANG_WARN_OBJC_LITERAL_CONVERSION = YES;
				CLANG_WARN_OBJC_ROOT_CLASS = YES_ERROR;
				CLANG_WARN_QUOTED_INCLUDE_IN_FRAMEWORK_HEADER = YES;
				CLANG_WARN_RANGE_LOOP_ANALYSIS = YES;
				CLANG_WARN_STRICT_PROTOTYPES = YES;
				CLANG_WARN_SUSPICIOUS_MOVE = YES;
				CLANG_WARN_UNGUARDED_AVAILABILITY = YES_AGGRESSIVE;
				CLANG_WARN_UNREACHABLE_CODE = YES;
				CLANG_WARN__DUPLICATE_METHOD_MATCH = YES;
				COPY_PHASE_STRIP = NO;
				DEBUG_INFORMATION_FORMAT = dwarf;
				ENABLE_STRICT_OBJC_MSGSEND = YES;
				ENABLE_TESTABILITY = YES;
				GCC_C_LANGUAGE_STANDARD = gnu11;
				GCC_DYNAMIC_NO_PIC = NO;
				GCC_NO_COMMON_BLOCKS = YES;
				GCC_OPTIMIZATION_LEVEL = 0;
				GCC_PREPROCESSOR_DEFINITIONS = (
					"DEBUG=1",
					"$(inherited)",
				);
				GCC_WARN_64_TO_32_BIT_CONVERSION = YES;
				GCC_WARN_ABOUT_RETURN_TYPE = YES_ERROR;
				GCC_WARN_UNDECLARED_SELECTOR = YES;
				GCC_WARN_UNINITIALIZED_AUTOS = YES_AGGRESSIVE;
				GCC_WARN_UNUSED_FUNCTION = YES;
				GCC_WARN_UNUSED_VARIABLE = YES;
				IPHONEOS_DEPLOYMENT_TARGET = 16.1;
				MTL_ENABLE_DEBUG_INFO = INCLUDE_SOURCE;
				MTL_FAST_MATH = YES;
				ONLY_ACTIVE_ARCH = YES;
				SDKROOT = iphoneos;
				SWIFT_ACTIVE_COMPILATION_CONDITIONS = DEBUG;
				SWIFT_OPTIMIZATION_LEVEL = "-Onone";
			};
			name = Debug;
		};
		62465D2F2A25466900C62DF3 /* Release */ = {
			isa = XCBuildConfiguration;
			buildSettings = {
				ALWAYS_SEARCH_USER_PATHS = NO;
				CLANG_ANALYZER_NONNULL = YES;
				CLANG_ANALYZER_NUMBER_OBJECT_CONVERSION = YES_AGGRESSIVE;
				CLANG_CXX_LANGUAGE_STANDARD = "gnu++20";
				CLANG_ENABLE_MODULES = YES;
				CLANG_ENABLE_OBJC_ARC = YES;
				CLANG_ENABLE_OBJC_WEAK = YES;
				CLANG_WARN_BLOCK_CAPTURE_AUTORELEASING = YES;
				CLANG_WARN_BOOL_CONVERSION = YES;
				CLANG_WARN_COMMA = YES;
				CLANG_WARN_CONSTANT_CONVERSION = YES;
				CLANG_WARN_DEPRECATED_OBJC_IMPLEMENTATIONS = YES;
				CLANG_WARN_DIRECT_OBJC_ISA_USAGE = YES_ERROR;
				CLANG_WARN_DOCUMENTATION_COMMENTS = YES;
				CLANG_WARN_EMPTY_BODY = YES;
				CLANG_WARN_ENUM_CONVERSION = YES;
				CLANG_WARN_INFINITE_RECURSION = YES;
				CLANG_WARN_INT_CONVERSION = YES;
				CLANG_WARN_NON_LITERAL_NULL_CONVERSION = YES;
				CLANG_WARN_OBJC_IMPLICIT_RETAIN_SELF = YES;
				CLANG_WARN_OBJC_LITERAL_CONVERSION = YES;
				CLANG_WARN_OBJC_ROOT_CLASS = YES_ERROR;
				CLANG_WARN_QUOTED_INCLUDE_IN_FRAMEWORK_HEADER = YES;
				CLANG_WARN_RANGE_LOOP_ANALYSIS = YES;
				CLANG_WARN_STRICT_PROTOTYPES = YES;
				CLANG_WARN_SUSPICIOUS_MOVE = YES;
				CLANG_WARN_UNGUARDED_AVAILABILITY = YES_AGGRESSIVE;
				CLANG_WARN_UNREACHABLE_CODE = YES;
				CLANG_WARN__DUPLICATE_METHOD_MATCH = YES;
				COPY_PHASE_STRIP = NO;
				DEBUG_INFORMATION_FORMAT = "dwarf-with-dsym";
				ENABLE_NS_ASSERTIONS = NO;
				ENABLE_STRICT_OBJC_MSGSEND = YES;
				GCC_C_LANGUAGE_STANDARD = gnu11;
				GCC_NO_COMMON_BLOCKS = YES;
				GCC_WARN_64_TO_32_BIT_CONVERSION = YES;
				GCC_WARN_ABOUT_RETURN_TYPE = YES_ERROR;
				GCC_WARN_UNDECLARED_SELECTOR = YES;
				GCC_WARN_UNINITIALIZED_AUTOS = YES_AGGRESSIVE;
				GCC_WARN_UNUSED_FUNCTION = YES;
				GCC_WARN_UNUSED_VARIABLE = YES;
				IPHONEOS_DEPLOYMENT_TARGET = 16.1;
				MTL_ENABLE_DEBUG_INFO = NO;
				MTL_FAST_MATH = YES;
				SDKROOT = iphoneos;
				SWIFT_COMPILATION_MODE = wholemodule;
				SWIFT_OPTIMIZATION_LEVEL = "-O";
				VALIDATE_PRODUCT = YES;
			};
			name = Release;
		};
		62465D312A25466900C62DF3 /* Debug */ = {
			isa = XCBuildConfiguration;
			buildSettings = {
				ASSETCATALOG_COMPILER_APPICON_NAME = AppIcon;
				ASSETCATALOG_COMPILER_GLOBAL_ACCENT_COLOR_NAME = AccentColor;
				CODE_SIGN_STYLE = Automatic;
				CURRENT_PROJECT_VERSION = 1;
				DEVELOPMENT_ASSET_PATHS = "Socialcademy/Resources/Preview\\ Content";
				DEVELOPMENT_TEAM = Y64KJGNKJV;
				ENABLE_PREVIEWS = YES;
				GENERATE_INFOPLIST_FILE = YES;
				INFOPLIST_KEY_UIApplicationSceneManifest_Generation = YES;
				INFOPLIST_KEY_UIApplicationSupportsIndirectInputEvents = YES;
				INFOPLIST_KEY_UILaunchScreen_Generation = YES;
				INFOPLIST_KEY_UISupportedInterfaceOrientations_iPad = "UIInterfaceOrientationPortrait UIInterfaceOrientationPortraitUpsideDown UIInterfaceOrientationLandscapeLeft UIInterfaceOrientationLandscapeRight";
				INFOPLIST_KEY_UISupportedInterfaceOrientations_iPhone = "UIInterfaceOrientationPortrait UIInterfaceOrientationLandscapeLeft UIInterfaceOrientationLandscapeRight";
				LD_RUNPATH_SEARCH_PATHS = (
					"$(inherited)",
					"@executable_path/Frameworks",
				);
				MARKETING_VERSION = 1.0;
				PRODUCT_BUNDLE_IDENTIFIER = com.JeremyManlangit.Socialcademy;
				PRODUCT_NAME = "$(TARGET_NAME)";
				SWIFT_EMIT_LOC_STRINGS = YES;
				SWIFT_VERSION = 5.0;
				TARGETED_DEVICE_FAMILY = "1,2";
			};
			name = Debug;
		};
		62465D322A25466900C62DF3 /* Release */ = {
			isa = XCBuildConfiguration;
			buildSettings = {
				ASSETCATALOG_COMPILER_APPICON_NAME = AppIcon;
				ASSETCATALOG_COMPILER_GLOBAL_ACCENT_COLOR_NAME = AccentColor;
				CODE_SIGN_STYLE = Automatic;
				CURRENT_PROJECT_VERSION = 1;
				DEVELOPMENT_ASSET_PATHS = "Socialcademy/Resources/Preview\\ Content";
				DEVELOPMENT_TEAM = Y64KJGNKJV;
				ENABLE_PREVIEWS = YES;
				GENERATE_INFOPLIST_FILE = YES;
				INFOPLIST_KEY_UIApplicationSceneManifest_Generation = YES;
				INFOPLIST_KEY_UIApplicationSupportsIndirectInputEvents = YES;
				INFOPLIST_KEY_UILaunchScreen_Generation = YES;
				INFOPLIST_KEY_UISupportedInterfaceOrientations_iPad = "UIInterfaceOrientationPortrait UIInterfaceOrientationPortraitUpsideDown UIInterfaceOrientationLandscapeLeft UIInterfaceOrientationLandscapeRight";
				INFOPLIST_KEY_UISupportedInterfaceOrientations_iPhone = "UIInterfaceOrientationPortrait UIInterfaceOrientationLandscapeLeft UIInterfaceOrientationLandscapeRight";
				LD_RUNPATH_SEARCH_PATHS = (
					"$(inherited)",
					"@executable_path/Frameworks",
				);
				MARKETING_VERSION = 1.0;
				PRODUCT_BUNDLE_IDENTIFIER = com.JeremyManlangit.Socialcademy;
				PRODUCT_NAME = "$(TARGET_NAME)";
				SWIFT_EMIT_LOC_STRINGS = YES;
				SWIFT_VERSION = 5.0;
				TARGETED_DEVICE_FAMILY = "1,2";
			};
			name = Release;
		};
/* End XCBuildConfiguration section */

/* Begin XCConfigurationList section */
		62465D1D2A25466800C62DF3 /* Build configuration list for PBXProject "Socialcademy" */ = {
			isa = XCConfigurationList;
			buildConfigurations = (
				62465D2E2A25466900C62DF3 /* Debug */,
				62465D2F2A25466900C62DF3 /* Release */,
			);
			defaultConfigurationIsVisible = 0;
			defaultConfigurationName = Release;
		};
		62465D302A25466900C62DF3 /* Build configuration list for PBXNativeTarget "Socialcademy" */ = {
			isa = XCConfigurationList;
			buildConfigurations = (
				62465D312A25466900C62DF3 /* Debug */,
				62465D322A25466900C62DF3 /* Release */,
			);
			defaultConfigurationIsVisible = 0;
			defaultConfigurationName = Release;
		};
/* End XCConfigurationList section */

/* Begin XCRemoteSwiftPackageReference section */
		62465D332A2546E200C62DF3 /* XCRemoteSwiftPackageReference "firebase-ios-sdk" */ = {
			isa = XCRemoteSwiftPackageReference;
			repositoryURL = "https://github.com/firebase/firebase-ios-sdk.git";
			requirement = {
				kind = upToNextMajorVersion;
				minimumVersion = 9.0.0;
			};
		};
/* End XCRemoteSwiftPackageReference section */

/* Begin XCSwiftPackageProductDependency section */
		62465D342A2546E200C62DF3 /* FirebaseAnalytics */ = {
			isa = XCSwiftPackageProductDependency;
			package = 62465D332A2546E200C62DF3 /* XCRemoteSwiftPackageReference "firebase-ios-sdk" */;
			productName = FirebaseAnalytics;
		};
		62465D362A2546E200C62DF3 /* FirebaseFirestore */ = {
			isa = XCSwiftPackageProductDependency;
			package = 62465D332A2546E200C62DF3 /* XCRemoteSwiftPackageReference "firebase-ios-sdk" */;
			productName = FirebaseFirestore;
		};
		62465D382A2546E200C62DF3 /* FirebaseFirestoreSwift */ = {
			isa = XCSwiftPackageProductDependency;
			package = 62465D332A2546E200C62DF3 /* XCRemoteSwiftPackageReference "firebase-ios-sdk" */;
			productName = FirebaseFirestoreSwift;
		};
/* End XCSwiftPackageProductDependency section */
	};
	rootObject = 62465D1A2A25466800C62DF3 /* Project object */;
}
